
Microsoft Visual Studio Solution File, Format Version 12.00
# Visual Studio 15
VisualStudioVersion = 15.0.27703.2018
MinimumVisualStudioVersion = 10.0.40219.1
Project("{8BC9CEB8-8B4A-11D0-8D11-00A0C91BC942}") = "geometry_presenter", "geometry_presenter\geometry_presenter.vcxproj", "{414CB707-5F25-4CBC-B86F-D3B219CE1FCD}"
EndProject
Global
	GlobalSection(SolutionConfigurationPlatforms) = preSolution
		Debug|x64 = Debug|x64
		Debug|x86 = Debug|x86
		Release|x64 = Release|x64
		Release|x86 = Release|x86
	EndGlobalSection
	GlobalSection(ProjectConfigurationPlatforms) = postSolution
		{414CB707-5F25-4CBC-B86F-D3B219CE1FCD}.Debug|x64.ActiveCfg = Debug|x64
		{414CB707-5F25-4CBC-B86F-D3B219CE1FCD}.Debug|x64.Build.0 = Debug|x64
		{414CB707-5F25-4CBC-B86F-D3B219CE1FCD}.Debug|x86.ActiveCfg = Debug|Win32
		{414CB707-5F25-4CBC-B86F-D3B219CE1FCD}.Debug|x86.Build.0 = Debug|Win32
		{414CB707-5F25-4CBC-B86F-D3B219CE1FCD}.Release|x64.ActiveCfg = Release|x64
		{414CB707-5F25-4CBC-B86F-D3B219CE1FCD}.Release|x64.Build.0 = Release|x64
		{414CB707-5F25-4CBC-B86F-D3B219CE1FCD}.Release|x86.ActiveCfg = Release|Win32
		{414CB707-5F25-4CBC-B86F-D3B219CE1FCD}.Release|x86.Build.0 = Release|Win32
	EndGlobalSection
	GlobalSection(SolutionProperties) = preSolution
		HideSolutionNode = FALSE
	EndGlobalSection
	GlobalSection(ExtensibilityGlobals) = postSolution
		SolutionGuid = {6856D073-156B-460B-B15F-74793D666167}
	EndGlobalSection
EndGlobal
